
Microsoft Visual Studio Solution File, Format Version 12.00
# Visual Studio Version 17
VisualStudioVersion = 17.11.35303.130
MinimumVisualStudioVersion = 10.0.40219.1
Project("{FAE04EC0-301F-11D3-BF4B-00C04F79EFBC}") = "LavenderParadise", "LavenderParadise\LavenderParadise.csproj", "{D869E808-0E33-4851-BDE0-36F3BAB3D77F}"
EndProject
Project("{FAE04EC0-301F-11D3-BF4B-00C04F79EFBC}") = "Tweb-lavender-paradise.BusinessLogic", "Tweb-lavender-paradise.BusinessLogic\Tweb-lavender-paradise.BusinessLogic.csproj", "{6D91DF09-38CE-4492-9A9C-083A8867FB28}"
EndProject
Project("{FAE04EC0-301F-11D3-BF4B-00C04F79EFBC}") = "Tweb-lavender-paradise.Domain", "Tweb-lavender-paradise.Domain\Tweb-lavender-paradise.Domain.csproj", "{44458106-D608-477B-9F39-A130225F4158}"
EndProject
Project("{FAE04EC0-301F-11D3-BF4B-00C04F79EFBC}") = "Tweb-lavender-paradise.Helper", "Tweb-lavender-paradise.Helper\Tweb-lavender-paradise.Helper.csproj", "{A1D60D99-66C7-46A6-81B1-DD9E2FF11DC2}"
EndProject
Global
	GlobalSection(SolutionConfigurationPlatforms) = preSolution
		Debug|Any CPU = Debug|Any CPU
		Release|Any CPU = Release|Any CPU
	EndGlobalSection
	GlobalSection(ProjectConfigurationPlatforms) = postSolution
		{D869E808-0E33-4851-BDE0-36F3BAB3D77F}.Debug|Any CPU.ActiveCfg = Debug|Any CPU
		{D869E808-0E33-4851-BDE0-36F3BAB3D77F}.Debug|Any CPU.Build.0 = Debug|Any CPU
		{D869E808-0E33-4851-BDE0-36F3BAB3D77F}.Release|Any CPU.ActiveCfg = Release|Any CPU
		{D869E808-0E33-4851-BDE0-36F3BAB3D77F}.Release|Any CPU.Build.0 = Release|Any CPU
		{6D91DF09-38CE-4492-9A9C-083A8867FB28}.Debug|Any CPU.ActiveCfg = Debug|Any CPU
		{6D91DF09-38CE-4492-9A9C-083A8867FB28}.Debug|Any CPU.Build.0 = Debug|Any CPU
		{6D91DF09-38CE-4492-9A9C-083A8867FB28}.Release|Any CPU.ActiveCfg = Release|Any CPU
		{6D91DF09-38CE-4492-9A9C-083A8867FB28}.Release|Any CPU.Build.0 = Release|Any CPU
		{44458106-D608-477B-9F39-A130225F4158}.Debug|Any CPU.ActiveCfg = Debug|Any CPU
		{44458106-D608-477B-9F39-A130225F4158}.Debug|Any CPU.Build.0 = Debug|Any CPU
		{44458106-D608-477B-9F39-A130225F4158}.Release|Any CPU.ActiveCfg = Release|Any CPU
		{44458106-D608-477B-9F39-A130225F4158}.Release|Any CPU.Build.0 = Release|Any CPU
		{A1D60D99-66C7-46A6-81B1-DD9E2FF11DC2}.Debug|Any CPU.ActiveCfg = Debug|Any CPU
		{A1D60D99-66C7-46A6-81B1-DD9E2FF11DC2}.Debug|Any CPU.Build.0 = Debug|Any CPU
		{A1D60D99-66C7-46A6-81B1-DD9E2FF11DC2}.Release|Any CPU.ActiveCfg = Release|Any CPU
		{A1D60D99-66C7-46A6-81B1-DD9E2FF11DC2}.Release|Any CPU.Build.0 = Release|Any CPU
	EndGlobalSection
	GlobalSection(SolutionProperties) = preSolution
		HideSolutionNode = FALSE
	EndGlobalSection
	GlobalSection(ExtensibilityGlobals) = postSolution
		SolutionGuid = {46772192-C0B9-4857-9EBE-F7B5920B5A8E}
	EndGlobalSection
EndGlobal
